// !$*UTF8*$!
{
	archiveVersion = 1;
	classes = {
	};
	objectVersion = 51;
	objects = {

/* Begin PBXBuildFile section */
		2C52F8248585DAEE48714977 /* Pods_ZZMagicDragDemo.framework in Frameworks */ = {isa = PBXBuildFile; fileRef = 204C01133E4231B78FDAD083 /* Pods_ZZMagicDragDemo.framework */; };
		7809929C280B0C910018E385 /* AppDelegate.m in Sources */ = {isa = PBXBuildFile; fileRef = 7809929B280B0C910018E385 /* AppDelegate.m */; };
		7809929F280B0C910018E385 /* SceneDelegate.m in Sources */ = {isa = PBXBuildFile; fileRef = 7809929E280B0C910018E385 /* SceneDelegate.m */; };
		780992A2280B0C910018E385 /* ViewController.m in Sources */ = {isa = PBXBuildFile; fileRef = 780992A1280B0C910018E385 /* ViewController.m */; };
		780992A5280B0C910018E385 /* Main.storyboard in Resources */ = {isa = PBXBuildFile; fileRef = 780992A3280B0C910018E385 /* Main.storyboard */; };
		780992A7280B0C920018E385 /* Assets.xcassets in Resources */ = {isa = PBXBuildFile; fileRef = 780992A6280B0C920018E385 /* Assets.xcassets */; };
		780992AA280B0C920018E385 /* LaunchScreen.storyboard in Resources */ = {isa = PBXBuildFile; fileRef = 780992A8280B0C920018E385 /* LaunchScreen.storyboard */; };
		780992AD280B0C920018E385 /* main.m in Sources */ = {isa = PBXBuildFile; fileRef = 780992AC280B0C920018E385 /* main.m */; };
		780992BA280B0D610018E385 /* ZZMagicDragGestureView.m in Sources */ = {isa = PBXBuildFile; fileRef = 780992B7280B0D610018E385 /* ZZMagicDragGestureView.m */; };
		780992BB280B0D610018E385 /* ZZMagicDragShowView.m in Sources */ = {isa = PBXBuildFile; fileRef = 780992B9280B0D610018E385 /* ZZMagicDragShowView.m */; };
/* End PBXBuildFile section */

/* Begin PBXFileReference section */
		204C01133E4231B78FDAD083 /* Pods_ZZMagicDragDemo.framework */ = {isa = PBXFileReference; explicitFileType = wrapper.framework; includeInIndex = 0; path = Pods_ZZMagicDragDemo.framework; sourceTree = BUILT_PRODUCTS_DIR; };
		78099297280B0C910018E385 /* ZZMagicDragDemo.app */ = {isa = PBXFileReference; explicitFileType = wrapper.application; includeInIndex = 0; path = ZZMagicDragDemo.app; sourceTree = BUILT_PRODUCTS_DIR; };
		7809929A280B0C910018E385 /* AppDelegate.h */ = {isa = PBXFileReference; lastKnownFileType = sourcecode.c.h; path = AppDelegate.h; sourceTree = "<group>"; };
		7809929B280B0C910018E385 /* AppDelegate.m */ = {isa = PBXFileReference; lastKnownFileType = sourcecode.c.objc; path = AppDelegate.m; sourceTree = "<group>"; };
		7809929D280B0C910018E385 /* SceneDelegate.h */ = {isa = PBXFileReference; lastKnownFileType = sourcecode.c.h; path = SceneDelegate.h; sourceTree = "<group>"; };
		7809929E280B0C910018E385 /* SceneDelegate.m */ = {isa = PBXFileReference; lastKnownFileType = sourcecode.c.objc; path = SceneDelegate.m; sourceTree = "<group>"; };
		780992A0280B0C910018E385 /* ViewController.h */ = {isa = PBXFileReference; lastKnownFileType = sourcecode.c.h; path = ViewController.h; sourceTree = "<group>"; };
		780992A1280B0C910018E385 /* ViewController.m */ = {isa = PBXFileReference; lastKnownFileType = sourcecode.c.objc; path = ViewController.m; sourceTree = "<group>"; };
		780992A4280B0C910018E385 /* Base */ = {isa = PBXFileReference; lastKnownFileType = file.storyboard; name = Base; path = Base.lproj/Main.storyboard; sourceTree = "<group>"; };
		780992A6280B0C920018E385 /* Assets.xcassets */ = {isa = PBXFileReference; lastKnownFileType = folder.assetcatalog; path = Assets.xcassets; sourceTree = "<group>"; };
		780992A9280B0C920018E385 /* Base */ = {isa = PBXFileReference; lastKnownFileType = file.storyboard; name = Base; path = Base.lproj/LaunchScreen.storyboard; sourceTree = "<group>"; };
		780992AB280B0C920018E385 /* Info.plist */ = {isa = PBXFileReference; lastKnownFileType = text.plist.xml; path = Info.plist; sourceTree = "<group>"; };
		780992AC280B0C920018E385 /* main.m */ = {isa = PBXFileReference; lastKnownFileType = sourcecode.c.objc; path = main.m; sourceTree = "<group>"; };
		780992B6280B0D610018E385 /* ZZMagicDragShowView.h */ = {isa = PBXFileReference; fileEncoding = 4; lastKnownFileType = sourcecode.c.h; path = ZZMagicDragShowView.h; sourceTree = "<group>"; };
		780992B7280B0D610018E385 /* ZZMagicDragGestureView.m */ = {isa = PBXFileReference; fileEncoding = 4; lastKnownFileType = sourcecode.c.objc; path = ZZMagicDragGestureView.m; sourceTree = "<group>"; };
		780992B8280B0D610018E385 /* ZZMagicDragGestureView.h */ = {isa = PBXFileReference; fileEncoding = 4; lastKnownFileType = sourcecode.c.h; path = ZZMagicDragGestureView.h; sourceTree = "<group>"; };
		780992B9280B0D610018E385 /* ZZMagicDragShowView.m */ = {isa = PBXFileReference; fileEncoding = 4; lastKnownFileType = sourcecode.c.objc; path = ZZMagicDragShowView.m; sourceTree = "<group>"; };
		8E58E6D2E16941C0D25717C6 /* Pods-ZZMagicDragDemo.debug.xcconfig */ = {isa = PBXFileReference; includeInIndex = 1; lastKnownFileType = text.xcconfig; name = "Pods-ZZMagicDragDemo.debug.xcconfig"; path = "Target Support Files/Pods-ZZMagicDragDemo/Pods-ZZMagicDragDemo.debug.xcconfig"; sourceTree = "<group>"; };
		B687D49D962F88A9DB105F27 /* Pods-ZZMagicDragDemo.release.xcconfig */ = {isa = PBXFileReference; includeInIndex = 1; lastKnownFileType = text.xcconfig; name = "Pods-ZZMagicDragDemo.release.xcconfig"; path = "Target Support Files/Pods-ZZMagicDragDemo/Pods-ZZMagicDragDemo.release.xcconfig"; sourceTree = "<group>"; };
/* End PBXFileReference section */

/* Begin PBXFrameworksBuildPhase section */
		78099294280B0C910018E385 /* Frameworks */ = {
			isa = PBXFrameworksBuildPhase;
			buildActionMask = 2147483647;
			files = (
				2C52F8248585DAEE48714977 /* Pods_ZZMagicDragDemo.framework in Frameworks */,
			);
			runOnlyForDeploymentPostprocessing = 0;
		};
/* End PBXFrameworksBuildPhase section */

/* Begin PBXGroup section */
		7809928E280B0C910018E385 = {
			isa = PBXGroup;
			children = (
				78099299280B0C910018E385 /* ZZMagicDragDemo */,
				78099298280B0C910018E385 /* Products */,
				D9C9092DE0646457CBF449C9 /* Pods */,
				9E586E1EBE94710225AAD131 /* Frameworks */,
			);
			sourceTree = "<group>";
		};
		78099298280B0C910018E385 /* Products */ = {
			isa = PBXGroup;
			children = (
				78099297280B0C910018E385 /* ZZMagicDragDemo.app */,
			);
			name = Products;
			sourceTree = "<group>";
		};
		78099299280B0C910018E385 /* ZZMagicDragDemo */ = {
			isa = PBXGroup;
			children = (
				780992B5280B0D610018E385 /* ZZMagicDrag */,
				7809929A280B0C910018E385 /* AppDelegate.h */,
				7809929B280B0C910018E385 /* AppDelegate.m */,
				7809929D280B0C910018E385 /* SceneDelegate.h */,
				7809929E280B0C910018E385 /* SceneDelegate.m */,
				780992A0280B0C910018E385 /* ViewController.h */,
				780992A1280B0C910018E385 /* ViewController.m */,
				780992A3280B0C910018E385 /* Main.storyboard */,
				780992A6280B0C920018E385 /* Assets.xcassets */,
				780992A8280B0C920018E385 /* LaunchScreen.storyboard */,
				780992AB280B0C920018E385 /* Info.plist */,
				780992AC280B0C920018E385 /* main.m */,
			);
			path = ZZMagicDragDemo;
			sourceTree = "<group>";
		};
		780992B5280B0D610018E385 /* ZZMagicDrag */ = {
			isa = PBXGroup;
			children = (
				780992B8280B0D610018E385 /* ZZMagicDragGestureView.h */,
				780992B7280B0D610018E385 /* ZZMagicDragGestureView.m */,
				780992B6280B0D610018E385 /* ZZMagicDragShowView.h */,
				780992B9280B0D610018E385 /* ZZMagicDragShowView.m */,
			);
			name = ZZMagicDrag;
			path = ../../ZZMagicDrag;
			sourceTree = "<group>";
		};
		9E586E1EBE94710225AAD131 /* Frameworks */ = {
			isa = PBXGroup;
			children = (
				204C01133E4231B78FDAD083 /* Pods_ZZMagicDragDemo.framework */,
			);
			name = Frameworks;
			sourceTree = "<group>";
		};
		D9C9092DE0646457CBF449C9 /* Pods */ = {
			isa = PBXGroup;
			children = (
				8E58E6D2E16941C0D25717C6 /* Pods-ZZMagicDragDemo.debug.xcconfig */,
				B687D49D962F88A9DB105F27 /* Pods-ZZMagicDragDemo.release.xcconfig */,
			);
			path = Pods;
			sourceTree = "<group>";
		};
/* End PBXGroup section */

/* Begin PBXNativeTarget section */
		78099296280B0C910018E385 /* ZZMagicDragDemo */ = {
			isa = PBXNativeTarget;
			buildConfigurationList = 780992B0280B0C920018E385 /* Build configuration list for PBXNativeTarget "ZZMagicDragDemo" */;
			buildPhases = (
				8DD7B59BC2EBFB56DEAABCC5 /* [CP] Check Pods Manifest.lock */,
				78099293280B0C910018E385 /* Sources */,
				78099294280B0C910018E385 /* Frameworks */,
				78099295280B0C910018E385 /* Resources */,
				0DC14D95E82EF65DF4CAAD00 /* [CP] Embed Pods Frameworks */,
			);
			buildRules = (
			);
			dependencies = (
			);
			name = ZZMagicDragDemo;
			productName = ZZMagicDragDemo;
			productReference = 78099297280B0C910018E385 /* ZZMagicDragDemo.app */;
			productType = "com.apple.product-type.application";
		};
/* End PBXNativeTarget section */

/* Begin PBXProject section */
		7809928F280B0C910018E385 /* Project object */ = {
			isa = PBXProject;
			attributes = {
				LastUpgradeCheck = 1240;
				TargetAttributes = {
					78099296280B0C910018E385 = {
						CreatedOnToolsVersion = 12.4;
					};
				};
			};
			buildConfigurationList = 78099292280B0C910018E385 /* Build configuration list for PBXProject "ZZMagicDragDemo" */;
			compatibilityVersion = "Xcode 9.3";
			developmentRegion = en;
			hasScannedForEncodings = 0;
			knownRegions = (
				en,
				Base,
			);
			mainGroup = 7809928E280B0C910018E385;
			productRefGroup = 78099298280B0C910018E385 /* Products */;
			projectDirPath = "";
			projectRoot = "";
			targets = (
				78099296280B0C910018E385 /* ZZMagicDragDemo */,
			);
		};
/* End PBXProject section */

/* Begin PBXResourcesBuildPhase section */
		78099295280B0C910018E385 /* Resources */ = {
			isa = PBXResourcesBuildPhase;
			buildActionMask = 2147483647;
			files = (
				780992AA280B0C920018E385 /* LaunchScreen.storyboard in Resources */,
				780992A7280B0C920018E385 /* Assets.xcassets in Resources */,
				780992A5280B0C910018E385 /* Main.storyboard in Resources */,
			);
			runOnlyForDeploymentPostprocessing = 0;
		};
/* End PBXResourcesBuildPhase section */

/* Begin PBXShellScriptBuildPhase section */
		0DC14D95E82EF65DF4CAAD00 /* [CP] Embed Pods Frameworks */ = {
			isa = PBXShellScriptBuildPhase;
			buildActionMask = 2147483647;
			files = (
			);
			inputFileListPaths = (
				"${PODS_ROOT}/Target Support Files/Pods-ZZMagicDragDemo/Pods-ZZMagicDragDemo-frameworks-${CONFIGURATION}-input-files.xcfilelist",
			);
			name = "[CP] Embed Pods Frameworks";
			outputFileListPaths = (
				"${PODS_ROOT}/Target Support Files/Pods-ZZMagicDragDemo/Pods-ZZMagicDragDemo-frameworks-${CONFIGURATION}-output-files.xcfilelist",
			);
			runOnlyForDeploymentPostprocessing = 0;
			shellPath = /bin/sh;
			shellScript = "\"${PODS_ROOT}/Target Support Files/Pods-ZZMagicDragDemo/Pods-ZZMagicDragDemo-frameworks.sh\"\n";
			showEnvVarsInLog = 0;
		};
		8DD7B59BC2EBFB56DEAABCC5 /* [CP] Check Pods Manifest.lock */ = {
			isa = PBXShellScriptBuildPhase;
			buildActionMask = 2147483647;
			files = (
			);
			inputFileListPaths = (
			);
			inputPaths = (
				"${PODS_PODFILE_DIR_PATH}/Podfile.lock",
				"${PODS_ROOT}/Manifest.lock",
			);
			name = "[CP] Check Pods Manifest.lock";
			outputFileListPaths = (
			);
			outputPaths = (
				"$(DERIVED_FILE_DIR)/Pods-ZZMagicDragDemo-checkManifestLockResult.txt",
			);
			runOnlyForDeploymentPostprocessing = 0;
			shellPath = /bin/sh;
			shellScript = "diff \"${PODS_PODFILE_DIR_PATH}/Podfile.lock\" \"${PODS_ROOT}/Manifest.lock\" > /dev/null\nif [ $? != 0 ] ; then\n    # print error to STDERR\n    echo \"error: The sandbox is not in sync with the Podfile.lock. Run 'pod install' or update your CocoaPods installation.\" >&2\n    exit 1\nfi\n# This output is used by Xcode 'outputs' to avoid re-running this script phase.\necho \"SUCCESS\" > \"${SCRIPT_OUTPUT_FILE_0}\"\n";
			showEnvVarsInLog = 0;
		};
/* End PBXShellScriptBuildPhase section */

/* Begin PBXSourcesBuildPhase section */
		78099293280B0C910018E385 /* Sources */ = {
			isa = PBXSourcesBuildPhase;
			buildActionMask = 2147483647;
			files = (
				780992A2280B0C910018E385 /* ViewController.m in Sources */,
				7809929C280B0C910018E385 /* AppDelegate.m in Sources */,
				780992BA280B0D610018E385 /* ZZMagicDragGestureView.m in Sources */,
				780992AD280B0C920018E385 /* main.m in Sources */,
				7809929F280B0C910018E385 /* SceneDelegate.m in Sources */,
				780992BB280B0D610018E385 /* ZZMagicDragShowView.m in Sources */,
			);
			runOnlyForDeploymentPostprocessing = 0;
		};
/* End PBXSourcesBuildPhase section */

/* Begin PBXVariantGroup section */
		780992A3280B0C910018E385 /* Main.storyboard */ = {
			isa = PBXVariantGroup;
			children = (
				780992A4280B0C910018E385 /* Base */,
			);
			name = Main.storyboard;
			sourceTree = "<group>";
		};
		780992A8280B0C920018E385 /* LaunchScreen.storyboard */ = {
			isa = PBXVariantGroup;
			children = (
				780992A9280B0C920018E385 /* Base */,
			);
			name = LaunchScreen.storyboard;
			sourceTree = "<group>";
		};
/* End PBXVariantGroup section */

/* Begin XCBuildConfiguration section */
		780992AE280B0C920018E385 /* Debug */ = {
			isa = XCBuildConfiguration;
			buildSettings = {
				ALWAYS_SEARCH_USER_PATHS = NO;
				CLANG_ANALYZER_NONNULL = YES;
				CLANG_ANALYZER_NUMBER_OBJECT_CONVERSION = YES_AGGRESSIVE;
				CLANG_CXX_LANGUAGE_STANDARD = "gnu++14";
				CLANG_CXX_LIBRARY = "libc++";
				CLANG_ENABLE_MODULES = YES;
				CLANG_ENABLE_OBJC_ARC = YES;
				CLANG_ENABLE_OBJC_WEAK = YES;
				CLANG_WARN_BLOCK_CAPTURE_AUTORELEASING = YES;
				CLANG_WARN_BOOL_CONVERSION = YES;
				CLANG_WARN_COMMA = YES;
				CLANG_WARN_CONSTANT_CONVERSION = YES;
				CLANG_WARN_DEPRECATED_OBJC_IMPLEMENTATIONS = YES;
				CLANG_WARN_DIRECT_OBJC_ISA_USAGE = YES_ERROR;
				CLANG_WARN_DOCUMENTATION_COMMENTS = YES;
				CLANG_WARN_EMPTY_BODY = YES;
				CLANG_WARN_ENUM_CONVERSION = YES;
				CLANG_WARN_INFINITE_RECURSION = YES;
				CLANG_WARN_INT_CONVERSION = YES;
				CLANG_WARN_NON_LITERAL_NULL_CONVERSION = YES;
				CLANG_WARN_OBJC_IMPLICIT_RETAIN_SELF = YES;
				CLANG_WARN_OBJC_LITERAL_CONVERSION = YES;
				CLANG_WARN_OBJC_ROOT_CLASS = YES_ERROR;
				CLANG_WARN_QUOTED_INCLUDE_IN_FRAMEWORK_HEADER = YES;
				CLANG_WARN_RANGE_LOOP_ANALYSIS = YES;
				CLANG_WARN_STRICT_PROTOTYPES = YES;
				CLANG_WARN_SUSPICIOUS_MOVE = YES;
				CLANG_WARN_UNGUARDED_AVAILABILITY = YES_AGGRESSIVE;
				CLANG_WARN_UNREACHABLE_CODE = YES;
				CLANG_WARN__DUPLICATE_METHOD_MATCH = YES;
				COPY_PHASE_STRIP = NO;
				DEBUG_INFORMATION_FORMAT = dwarf;
				ENABLE_STRICT_OBJC_MSGSEND = YES;
				ENABLE_TESTABILITY = YES;
				GCC_C_LANGUAGE_STANDARD = gnu11;
				GCC_DYNAMIC_NO_PIC = NO;
				GCC_NO_COMMON_BLOCKS = YES;
				GCC_OPTIMIZATION_LEVEL = 0;
				GCC_PREPROCESSOR_DEFINITIONS = (
					"DEBUG=1",
					"$(inherited)",
				);
				GCC_WARN_64_TO_32_BIT_CONVERSION = YES;
				GCC_WARN_ABOUT_RETURN_TYPE = YES_ERROR;
				GCC_WARN_UNDECLARED_SELECTOR = YES;
				GCC_WARN_UNINITIALIZED_AUTOS = YES_AGGRESSIVE;
				GCC_WARN_UNUSED_FUNCTION = YES;
				GCC_WARN_UNUSED_VARIABLE = YES;
				IPHONEOS_DEPLOYMENT_TARGET = 14.4;
				MTL_ENABLE_DEBUG_INFO = INCLUDE_SOURCE;
				MTL_FAST_MATH = YES;
				ONLY_ACTIVE_ARCH = YES;
				SDKROOT = iphoneos;
			};
			name = Debug;
		};
		780992AF280B0C920018E385 /* Release */ = {
			isa = XCBuildConfiguration;
			buildSettings = {
				ALWAYS_SEARCH_USER_PATHS = NO;
				CLANG_ANALYZER_NONNULL = YES;
				CLANG_ANALYZER_NUMBER_OBJECT_CONVERSION = YES_AGGRESSIVE;
				CLANG_CXX_LANGUAGE_STANDARD = "gnu++14";
				CLANG_CXX_LIBRARY = "libc++";
				CLANG_ENABLE_MODULES = YES;
				CLANG_ENABLE_OBJC_ARC = YES;
				CLANG_ENABLE_OBJC_WEAK = YES;
				CLANG_WARN_BLOCK_CAPTURE_AUTORELEASING = YES;
				CLANG_WARN_BOOL_CONVERSION = YES;
				CLANG_WARN_COMMA = YES;
				CLANG_WARN_CONSTANT_CONVERSION = YES;
				CLANG_WARN_DEPRECATED_OBJC_IMPLEMENTATIONS = YES;
				CLANG_WARN_DIRECT_OBJC_ISA_USAGE = YES_ERROR;
				CLANG_WARN_DOCUMENTATION_COMMENTS = YES;
				CLANG_WARN_EMPTY_BODY = YES;
				CLANG_WARN_ENUM_CONVERSION = YES;
				CLANG_WARN_INFINITE_RECURSION = YES;
				CLANG_WARN_INT_CONVERSION = YES;
				CLANG_WARN_NON_LITERAL_NULL_CONVERSION = YES;
				CLANG_WARN_OBJC_IMPLICIT_RETAIN_SELF = YES;
				CLANG_WARN_OBJC_LITERAL_CONVERSION = YES;
				CLANG_WARN_OBJC_ROOT_CLASS = YES_ERROR;
				CLANG_WARN_QUOTED_INCLUDE_IN_FRAMEWORK_HEADER = YES;
				CLANG_WARN_RANGE_LOOP_ANALYSIS = YES;
				CLANG_WARN_STRICT_PROTOTYPES = YES;
				CLANG_WARN_SUSPICIOUS_MOVE = YES;
				CLANG_WARN_UNGUARDED_AVAILABILITY = YES_AGGRESSIVE;
				CLANG_WARN_UNREACHABLE_CODE = YES;
				CLANG_WARN__DUPLICATE_METHOD_MATCH = YES;
				COPY_PHASE_STRIP = NO;
				DEBUG_INFORMATION_FORMAT = "dwarf-with-dsym";
				ENABLE_NS_ASSERTIONS = NO;
				ENABLE_STRICT_OBJC_MSGSEND = YES;
				GCC_C_LANGUAGE_STANDARD = gnu11;
				GCC_NO_COMMON_BLOCKS = YES;
				GCC_WARN_64_TO_32_BIT_CONVERSION = YES;
				GCC_WARN_ABOUT_RETURN_TYPE = YES_ERROR;
				GCC_WARN_UNDECLARED_SELECTOR = YES;
				GCC_WARN_UNINITIALIZED_AUTOS = YES_AGGRESSIVE;
				GCC_WARN_UNUSED_FUNCTION = YES;
				GCC_WARN_UNUSED_VARIABLE = YES;
				IPHONEOS_DEPLOYMENT_TARGET = 14.4;
				MTL_ENABLE_DEBUG_INFO = NO;
				MTL_FAST_MATH = YES;
				SDKROOT = iphoneos;
				VALIDATE_PRODUCT = YES;
			};
			name = Release;
		};
		780992B1280B0C920018E385 /* Debug */ = {
			isa = XCBuildConfiguration;
			baseConfigurationReference = 8E58E6D2E16941C0D25717C6 /* Pods-ZZMagicDragDemo.debug.xcconfig */;
			buildSettings = {
				ASSETCATALOG_COMPILER_APPICON_NAME = AppIcon;
				ASSETCATALOG_COMPILER_GLOBAL_ACCENT_COLOR_NAME = AccentColor;
				CODE_SIGN_STYLE = Automatic;
				DEVELOPMENT_TEAM = 7MGR4A9FG4;
				INFOPLIST_FILE = ZZMagicDragDemo/Info.plist;
				LD_RUNPATH_SEARCH_PATHS = (
					"$(inherited)",
					"@executable_path/Frameworks",
				);
				PRODUCT_BUNDLE_IDENTIFIER = com.zorro.ZZMagicDragDemo;
				PRODUCT_NAME = "$(TARGET_NAME)";
				TARGETED_DEVICE_FAMILY = "1,2";
			};
			name = Debug;
		};
		780992B2280B0C920018E385 /* Release */ = {
			isa = XCBuildConfiguration;
			baseConfigurationReference = B687D49D962F88A9DB105F27 /* Pods-ZZMagicDragDemo.release.xcconfig */;
			buildSettings = {
				ASSETCATALOG_COMPILER_APPICON_NAME = AppIcon;
				ASSETCATALOG_COMPILER_GLOBAL_ACCENT_COLOR_NAME = AccentColor;
				CODE_SIGN_STYLE = Automatic;
				DEVELOPMENT_TEAM = 7MGR4A9FG4;
				INFOPLIST_FILE = ZZMagicDragDemo/Info.plist;
				LD_RUNPATH_SEARCH_PATHS = (
					"$(inherited)",
					"@executable_path/Frameworks",
				);
				PRODUCT_BUNDLE_IDENTIFIER = com.zorro.ZZMagicDragDemo;
				PRODUCT_NAME = "$(TARGET_NAME)";
				TARGETED_DEVICE_FAMILY = "1,2";
			};
			name = Release;
		};
/* End XCBuildConfiguration section */

/* Begin XCConfigurationList section */
		78099292280B0C910018E385 /* Build configuration list for PBXProject "ZZMagicDragDemo" */ = {
			isa = XCConfigurationList;
			buildConfigurations = (
				780992AE280B0C920018E385 /* Debug */,
				780992AF280B0C920018E385 /* Release */,
			);
			defaultConfigurationIsVisible = 0;
			defaultConfigurationName = Release;
		};
		780992B0280B0C920018E385 /* Build configuration list for PBXNativeTarget "ZZMagicDragDemo" */ = {
			isa = XCConfigurationList;
			buildConfigurations = (
				780992B1280B0C920018E385 /* Debug */,
				780992B2280B0C920018E385 /* Release */,
			);
			defaultConfigurationIsVisible = 0;
			defaultConfigurationName = Release;
		};
/* End XCConfigurationList section */
	};
	rootObject = 7809928F280B0C910018E385 /* Project object */;
}
